// !$*UTF8*$!
{
	archiveVersion = 1;
	classes = {
	};
	objectVersion = 50;
	objects = {

/* Begin PBXBuildFile section */
		A250FFFC249BF1B000FC207A /* WaitlistTableViewController.swift in Sources */ = {isa = PBXBuildFile; fileRef = A250FFFB249BF1B000FC207A /* WaitlistTableViewController.swift */; };
		A250FFFE249CF8AD00FC207A /* WaitlistTableViewControllerO.swift in Sources */ = {isa = PBXBuildFile; fileRef = A250FFFD249CF8AD00FC207A /* WaitlistTableViewControllerO.swift */; };
		A2709D8F24989E7B00264103 /* AppDelegate.swift in Sources */ = {isa = PBXBuildFile; fileRef = A2709D8E24989E7B00264103 /* AppDelegate.swift */; };
		A2709D9124989E7B00264103 /* SceneDelegate.swift in Sources */ = {isa = PBXBuildFile; fileRef = A2709D9024989E7B00264103 /* SceneDelegate.swift */; };
		A2709D9324989E7B00264103 /* MainViewController.swift in Sources */ = {isa = PBXBuildFile; fileRef = A2709D9224989E7B00264103 /* MainViewController.swift */; };
		A2709D9624989E7B00264103 /* Main.storyboard in Resources */ = {isa = PBXBuildFile; fileRef = A2709D9424989E7B00264103 /* Main.storyboard */; };
		A2709D9824989E7C00264103 /* Assets.xcassets in Resources */ = {isa = PBXBuildFile; fileRef = A2709D9724989E7C00264103 /* Assets.xcassets */; };
		A2709D9B24989E7C00264103 /* LaunchScreen.storyboard in Resources */ = {isa = PBXBuildFile; fileRef = A2709D9924989E7C00264103 /* LaunchScreen.storyboard */; };
		A2709DA3249A321900264103 /* ReservationViewController.swift in Sources */ = {isa = PBXBuildFile; fileRef = A2709DA2249A321900264103 /* ReservationViewController.swift */; };
		A2709DA7249AA1CB00264103 /* Contactlist.swift in Sources */ = {isa = PBXBuildFile; fileRef = A2709DA6249AA1CB00264103 /* Contactlist.swift */; };
/* End PBXBuildFile section */

/* Begin PBXFileReference section */
		A250FFFB249BF1B000FC207A /* WaitlistTableViewController.swift */ = {isa = PBXFileReference; lastKnownFileType = sourcecode.swift; path = WaitlistTableViewController.swift; sourceTree = "<group>"; };
		A250FFFD249CF8AD00FC207A /* WaitlistTableViewControllerO.swift */ = {isa = PBXFileReference; lastKnownFileType = sourcecode.swift; path = WaitlistTableViewControllerO.swift; sourceTree = "<group>"; };
		A2709D8B24989E7B00264103 /* sample.app */ = {isa = PBXFileReference; explicitFileType = wrapper.application; includeInIndex = 0; path = sample.app; sourceTree = BUILT_PRODUCTS_DIR; };
		A2709D8E24989E7B00264103 /* AppDelegate.swift */ = {isa = PBXFileReference; lastKnownFileType = sourcecode.swift; path = AppDelegate.swift; sourceTree = "<group>"; };
		A2709D9024989E7B00264103 /* SceneDelegate.swift */ = {isa = PBXFileReference; lastKnownFileType = sourcecode.swift; path = SceneDelegate.swift; sourceTree = "<group>"; };
		A2709D9224989E7B00264103 /* MainViewController.swift */ = {isa = PBXFileReference; lastKnownFileType = sourcecode.swift; path = MainViewController.swift; sourceTree = "<group>"; };
		A2709D9524989E7B00264103 /* Base */ = {isa = PBXFileReference; lastKnownFileType = file.storyboard; name = Base; path = Base.lproj/Main.storyboard; sourceTree = "<group>"; };
		A2709D9724989E7C00264103 /* Assets.xcassets */ = {isa = PBXFileReference; lastKnownFileType = folder.assetcatalog; path = Assets.xcassets; sourceTree = "<group>"; };
		A2709D9A24989E7C00264103 /* Base */ = {isa = PBXFileReference; lastKnownFileType = file.storyboard; name = Base; path = Base.lproj/LaunchScreen.storyboard; sourceTree = "<group>"; };
		A2709D9C24989E7C00264103 /* Info.plist */ = {isa = PBXFileReference; lastKnownFileType = text.plist.xml; path = Info.plist; sourceTree = "<group>"; };
		A2709DA2249A321900264103 /* ReservationViewController.swift */ = {isa = PBXFileReference; lastKnownFileType = sourcecode.swift; path = ReservationViewController.swift; sourceTree = "<group>"; };
		A2709DA6249AA1CB00264103 /* Contactlist.swift */ = {isa = PBXFileReference; lastKnownFileType = sourcecode.swift; path = Contactlist.swift; sourceTree = "<group>"; };
/* End PBXFileReference section */

/* Begin PBXFrameworksBuildPhase section */
		A2709D8824989E7B00264103 /* Frameworks */ = {
			isa = PBXFrameworksBuildPhase;
			buildActionMask = 2147483647;
			files = (
			);
			runOnlyForDeploymentPostprocessing = 0;
		};
/* End PBXFrameworksBuildPhase section */

/* Begin PBXGroup section */
		A2709D8224989E7B00264103 = {
			isa = PBXGroup;
			children = (
				A2709D8D24989E7B00264103 /* sample */,
				A2709D8C24989E7B00264103 /* Products */,
			);
			sourceTree = "<group>";
		};
		A2709D8C24989E7B00264103 /* Products */ = {
			isa = PBXGroup;
			children = (
				A2709D8B24989E7B00264103 /* sample.app */,
			);
			name = Products;
			sourceTree = "<group>";
		};
		A2709D8D24989E7B00264103 /* sample */ = {
			isa = PBXGroup;
			children = (
				A2709D8E24989E7B00264103 /* AppDelegate.swift */,
				A2709D9024989E7B00264103 /* SceneDelegate.swift */,
				A2709D9224989E7B00264103 /* MainViewController.swift */,
				A2709D9424989E7B00264103 /* Main.storyboard */,
				A2709D9724989E7C00264103 /* Assets.xcassets */,
				A2709D9924989E7C00264103 /* LaunchScreen.storyboard */,
				A2709D9C24989E7C00264103 /* Info.plist */,
				A2709DA2249A321900264103 /* ReservationViewController.swift */,
				A2709DA6249AA1CB00264103 /* Contactlist.swift */,
				A250FFFB249BF1B000FC207A /* WaitlistTableViewController.swift */,
				A250FFFD249CF8AD00FC207A /* WaitlistTableViewControllerO.swift */,
			);
			path = sample;
			sourceTree = "<group>";
		};
/* End PBXGroup section */

/* Begin PBXNativeTarget section */
		A2709D8A24989E7B00264103 /* sample */ = {
			isa = PBXNativeTarget;
			buildConfigurationList = A2709D9F24989E7C00264103 /* Build configuration list for PBXNativeTarget "sample" */;
			buildPhases = (
				A2709D8724989E7B00264103 /* Sources */,
				A2709D8824989E7B00264103 /* Frameworks */,
				A2709D8924989E7B00264103 /* Resources */,
			);
			buildRules = (
			);
			dependencies = (
			);
			name = sample;
			productName = sample;
			productReference = A2709D8B24989E7B00264103 /* sample.app */;
			productType = "com.apple.product-type.application";
		};
/* End PBXNativeTarget section */

/* Begin PBXProject section */
		A2709D8324989E7B00264103 /* Project object */ = {
			isa = PBXProject;
			attributes = {
				LastSwiftUpdateCheck = 1150;
				LastUpgradeCheck = 1150;
				ORGANIZATIONNAME = "Lincoln Lyons";
				TargetAttributes = {
					A2709D8A24989E7B00264103 = {
						CreatedOnToolsVersion = 11.5;
					};
				};
			};
			buildConfigurationList = A2709D8624989E7B00264103 /* Build configuration list for PBXProject "sample" */;
			compatibilityVersion = "Xcode 9.3";
			developmentRegion = en;
			hasScannedForEncodings = 0;
			knownRegions = (
				en,
				Base,
			);
			mainGroup = A2709D8224989E7B00264103;
			productRefGroup = A2709D8C24989E7B00264103 /* Products */;
			projectDirPath = "";
			projectRoot = "";
			targets = (
				A2709D8A24989E7B00264103 /* sample */,
			);
		};
/* End PBXProject section */

/* Begin PBXResourcesBuildPhase section */
		A2709D8924989E7B00264103 /* Resources */ = {
			isa = PBXResourcesBuildPhase;
			buildActionMask = 2147483647;
			files = (
				A2709D9B24989E7C00264103 /* LaunchScreen.storyboard in Resources */,
				A2709D9824989E7C00264103 /* Assets.xcassets in Resources */,
				A2709D9624989E7B00264103 /* Main.storyboard in Resources */,
			);
			runOnlyForDeploymentPostprocessing = 0;
		};
/* End PBXResourcesBuildPhase section */

/* Begin PBXSourcesBuildPhase section */
		A2709D8724989E7B00264103 /* Sources */ = {
			isa = PBXSourcesBuildPhase;
			buildActionMask = 2147483647;
			files = (
				A250FFFC249BF1B000FC207A /* WaitlistTableViewController.swift in Sources */,
				A2709D9324989E7B00264103 /* MainViewController.swift in Sources */,
				A2709D8F24989E7B00264103 /* AppDelegate.swift in Sources */,
				A2709D9124989E7B00264103 /* SceneDelegate.swift in Sources */,
				A2709DA7249AA1CB00264103 /* Contactlist.swift in Sources */,
				A250FFFE249CF8AD00FC207A /* WaitlistTableViewControllerO.swift in Sources */,
				A2709DA3249A321900264103 /* ReservationViewController.swift in Sources */,
			);
			runOnlyForDeploymentPostprocessing = 0;
		};
/* End PBXSourcesBuildPhase section */

/* Begin PBXVariantGroup section */
		A2709D9424989E7B00264103 /* Main.storyboard */ = {
			isa = PBXVariantGroup;
			children = (
				A2709D9524989E7B00264103 /* Base */,
			);
			name = Main.storyboard;
			sourceTree = "<group>";
		};
		A2709D9924989E7C00264103 /* LaunchScreen.storyboard */ = {
			isa = PBXVariantGroup;
			children = (
				A2709D9A24989E7C00264103 /* Base */,
			);
			name = LaunchScreen.storyboard;
			sourceTree = "<group>";
		};
/* End PBXVariantGroup section */

/* Begin XCBuildConfiguration section */
		A2709D9D24989E7C00264103 /* Debug */ = {
			isa = XCBuildConfiguration;
			buildSettings = {
				ALWAYS_SEARCH_USER_PATHS = NO;
				CLANG_ANALYZER_NONNULL = YES;
				CLANG_ANALYZER_NUMBER_OBJECT_CONVERSION = YES_AGGRESSIVE;
				CLANG_CXX_LANGUAGE_STANDARD = "gnu++14";
				CLANG_CXX_LIBRARY = "libc++";
				CLANG_ENABLE_MODULES = YES;
				CLANG_ENABLE_OBJC_ARC = YES;
				CLANG_ENABLE_OBJC_WEAK = YES;
				CLANG_WARN_BLOCK_CAPTURE_AUTORELEASING = YES;
				CLANG_WARN_BOOL_CONVERSION = YES;
				CLANG_WARN_COMMA = YES;
				CLANG_WARN_CONSTANT_CONVERSION = YES;
				CLANG_WARN_DEPRECATED_OBJC_IMPLEMENTATIONS = YES;
				CLANG_WARN_DIRECT_OBJC_ISA_USAGE = YES_ERROR;
				CLANG_WARN_DOCUMENTATION_COMMENTS = YES;
				CLANG_WARN_EMPTY_BODY = YES;
				CLANG_WARN_ENUM_CONVERSION = YES;
				CLANG_WARN_INFINITE_RECURSION = YES;
				CLANG_WARN_INT_CONVERSION = YES;
				CLANG_WARN_NON_LITERAL_NULL_CONVERSION = YES;
				CLANG_WARN_OBJC_IMPLICIT_RETAIN_SELF = YES;
				CLANG_WARN_OBJC_LITERAL_CONVERSION = YES;
				CLANG_WARN_OBJC_ROOT_CLASS = YES_ERROR;
				CLANG_WARN_RANGE_LOOP_ANALYSIS = YES;
				CLANG_WARN_STRICT_PROTOTYPES = YES;
				CLANG_WARN_SUSPICIOUS_MOVE = YES;
				CLANG_WARN_UNGUARDED_AVAILABILITY = YES_AGGRESSIVE;
				CLANG_WARN_UNREACHABLE_CODE = YES;
				CLANG_WARN__DUPLICATE_METHOD_MATCH = YES;
				COPY_PHASE_STRIP = NO;
				DEBUG_INFORMATION_FORMAT = dwarf;
				ENABLE_STRICT_OBJC_MSGSEND = YES;
				ENABLE_TESTABILITY = YES;
				GCC_C_LANGUAGE_STANDARD = gnu11;
				GCC_DYNAMIC_NO_PIC = NO;
				GCC_NO_COMMON_BLOCKS = YES;
				GCC_OPTIMIZATION_LEVEL = 0;
				GCC_PREPROCESSOR_DEFINITIONS = (
					"DEBUG=1",
					"$(inherited)",
				);
				GCC_WARN_64_TO_32_BIT_CONVERSION = YES;
				GCC_WARN_ABOUT_RETURN_TYPE = YES_ERROR;
				GCC_WARN_UNDECLARED_SELECTOR = YES;
				GCC_WARN_UNINITIALIZED_AUTOS = YES_AGGRESSIVE;
				GCC_WARN_UNUSED_FUNCTION = YES;
				GCC_WARN_UNUSED_VARIABLE = YES;
				IPHONEOS_DEPLOYMENT_TARGET = 13.5;
				MTL_ENABLE_DEBUG_INFO = INCLUDE_SOURCE;
				MTL_FAST_MATH = YES;
				ONLY_ACTIVE_ARCH = YES;
				SDKROOT = iphoneos;
				SWIFT_ACTIVE_COMPILATION_CONDITIONS = DEBUG;
				SWIFT_OPTIMIZATION_LEVEL = "-Onone";
			};
			name = Debug;
		};
		A2709D9E24989E7C00264103 /* Release */ = {
			isa = XCBuildConfiguration;
			buildSettings = {
				ALWAYS_SEARCH_USER_PATHS = NO;
				CLANG_ANALYZER_NONNULL = YES;
				CLANG_ANALYZER_NUMBER_OBJECT_CONVERSION = YES_AGGRESSIVE;
				CLANG_CXX_LANGUAGE_STANDARD = "gnu++14";
				CLANG_CXX_LIBRARY = "libc++";
				CLANG_ENABLE_MODULES = YES;
				CLANG_ENABLE_OBJC_ARC = YES;
				CLANG_ENABLE_OBJC_WEAK = YES;
				CLANG_WARN_BLOCK_CAPTURE_AUTORELEASING = YES;
				CLANG_WARN_BOOL_CONVERSION = YES;
				CLANG_WARN_COMMA = YES;
				CLANG_WARN_CONSTANT_CONVERSION = YES;
				CLANG_WARN_DEPRECATED_OBJC_IMPLEMENTATIONS = YES;
				CLANG_WARN_DIRECT_OBJC_ISA_USAGE = YES_ERROR;
				CLANG_WARN_DOCUMENTATION_COMMENTS = YES;
				CLANG_WARN_EMPTY_BODY = YES;
				CLANG_WARN_ENUM_CONVERSION = YES;
				CLANG_WARN_INFINITE_RECURSION = YES;
				CLANG_WARN_INT_CONVERSION = YES;
				CLANG_WARN_NON_LITERAL_NULL_CONVERSION = YES;
				CLANG_WARN_OBJC_IMPLICIT_RETAIN_SELF = YES;
				CLANG_WARN_OBJC_LITERAL_CONVERSION = YES;
				CLANG_WARN_OBJC_ROOT_CLASS = YES_ERROR;
				CLANG_WARN_RANGE_LOOP_ANALYSIS = YES;
				CLANG_WARN_STRICT_PROTOTYPES = YES;
				CLANG_WARN_SUSPICIOUS_MOVE = YES;
				CLANG_WARN_UNGUARDED_AVAILABILITY = YES_AGGRESSIVE;
				CLANG_WARN_UNREACHABLE_CODE = YES;
				CLANG_WARN__DUPLICATE_METHOD_MATCH = YES;
				COPY_PHASE_STRIP = NO;
				DEBUG_INFORMATION_FORMAT = "dwarf-with-dsym";
				ENABLE_NS_ASSERTIONS = NO;
				ENABLE_STRICT_OBJC_MSGSEND = YES;
				GCC_C_LANGUAGE_STANDARD = gnu11;
				GCC_NO_COMMON_BLOCKS = YES;
				GCC_WARN_64_TO_32_BIT_CONVERSION = YES;
				GCC_WARN_ABOUT_RETURN_TYPE = YES_ERROR;
				GCC_WARN_UNDECLARED_SELECTOR = YES;
				GCC_WARN_UNINITIALIZED_AUTOS = YES_AGGRESSIVE;
				GCC_WARN_UNUSED_FUNCTION = YES;
				GCC_WARN_UNUSED_VARIABLE = YES;
				IPHONEOS_DEPLOYMENT_TARGET = 13.5;
				MTL_ENABLE_DEBUG_INFO = NO;
				MTL_FAST_MATH = YES;
				SDKROOT = iphoneos;
				SWIFT_COMPILATION_MODE = wholemodule;
				SWIFT_OPTIMIZATION_LEVEL = "-O";
				VALIDATE_PRODUCT = YES;
			};
			name = Release;
		};
		A2709DA024989E7C00264103 /* Debug */ = {
			isa = XCBuildConfiguration;
			buildSettings = {
				ASSETCATALOG_COMPILER_APPICON_NAME = AppIcon;
				CODE_SIGN_STYLE = Automatic;
				DEVELOPMENT_TEAM = H9KM67V578;
				INFOPLIST_FILE = sample/Info.plist;
				LD_RUNPATH_SEARCH_PATHS = (
					"$(inherited)",
					"@executable_path/Frameworks",
				);
				PRODUCT_BUNDLE_IDENTIFIER = com.legendlyons.sample;
				PRODUCT_NAME = sample;
				SWIFT_VERSION = 5.0;
				TARGETED_DEVICE_FAMILY = 2;
			};
			name = Debug;
		};
		A2709DA124989E7C00264103 /* Release */ = {
			isa = XCBuildConfiguration;
			buildSettings = {
				ASSETCATALOG_COMPILER_APPICON_NAME = AppIcon;
				CODE_SIGN_STYLE = Automatic;
				DEVELOPMENT_TEAM = H9KM67V578;
				INFOPLIST_FILE = sample/Info.plist;
				LD_RUNPATH_SEARCH_PATHS = (
					"$(inherited)",
					"@executable_path/Frameworks",
				);
				PRODUCT_BUNDLE_IDENTIFIER = com.legendlyons.sample;
				PRODUCT_NAME = sample;
				SWIFT_VERSION = 5.0;
				TARGETED_DEVICE_FAMILY = 2;
			};
			name = Release;
		};
/* End XCBuildConfiguration section */

/* Begin XCConfigurationList section */
		A2709D8624989E7B00264103 /* Build configuration list for PBXProject "sample" */ = {
			isa = XCConfigurationList;
			buildConfigurations = (
				A2709D9D24989E7C00264103 /* Debug */,
				A2709D9E24989E7C00264103 /* Release */,
			);
			defaultConfigurationIsVisible = 0;
			defaultConfigurationName = Release;
		};
		A2709D9F24989E7C00264103 /* Build configuration list for PBXNativeTarget "sample" */ = {
			isa = XCConfigurationList;
			buildConfigurations = (
				A2709DA024989E7C00264103 /* Debug */,
				A2709DA124989E7C00264103 /* Release */,
			);
			defaultConfigurationIsVisible = 0;
			defaultConfigurationName = Release;
		};
/* End XCConfigurationList section */
	};
	rootObject = A2709D8324989E7B00264103 /* Project object */;
}
